
Microsoft Visual Studio Solution File, Format Version 12.00
# Visual Studio Version 16
VisualStudioVersion = 16.0.31205.134
MinimumVisualStudioVersion = 10.0.40219.1
Project("{FAE04EC0-301F-11D3-BF4B-00C04F79EFBC}") = "GPSys_Desk_APP", "GPSys_Desk_APP\GPSys_Desk_APP.csproj", "{ABD0349D-53C1-4E68-86E3-63D8EE6ED348}"
EndProject
Project("{FAE04EC0-301F-11D3-BF4B-00C04F79EFBC}") = "CamadaDeDados", "CamadaDeDados\CamadaDeDados.csproj", "{2CC9DACF-6F0C-40B2-A7DD-DC1FA531E582}"
EndProject
Project("{FAE04EC0-301F-11D3-BF4B-00C04F79EFBC}") = "CamadaDeEntidades", "CamadaDeEntidades\CamadaDeEntidades.csproj", "{BA870BE9-B79F-448D-A539-E32F13A8DBDF}"
EndProject
Project("{FAE04EC0-301F-11D3-BF4B-00C04F79EFBC}") = "CamadaDeNegocio", "CamadaDeNegocio\CamadaDeNegocio.csproj", "{824F8B86-2CB1-4ECE-8512-AC7A8A027232}"
EndProject
Project("{2150E333-8FDC-42A3-9474-1A3956D46DE8}") = "Solution Items", "Solution Items", "{721E1945-6B60-4285-87E2-7203D77C17EF}"
	ProjectSection(SolutionItems) = preProject
		.editorconfig = .editorconfig
	EndProjectSection
EndProject
Project("{54435603-DBB4-11D2-8724-00A0C9A8B90C}") = "GPSys_setup", "..\Setup\Installer\GPSys_setup\GPSys_setup.vdproj", "{44CF4E41-9DEE-42C1-8DC0-C149FC1C7F1C}"
EndProject
Global
	GlobalSection(SolutionConfigurationPlatforms) = preSolution
		Debug|Any CPU = Debug|Any CPU
		Release|Any CPU = Release|Any CPU
	EndGlobalSection
	GlobalSection(ProjectConfigurationPlatforms) = postSolution
		{ABD0349D-53C1-4E68-86E3-63D8EE6ED348}.Debug|Any CPU.ActiveCfg = Debug|Any CPU
		{ABD0349D-53C1-4E68-86E3-63D8EE6ED348}.Debug|Any CPU.Build.0 = Debug|Any CPU
		{ABD0349D-53C1-4E68-86E3-63D8EE6ED348}.Release|Any CPU.ActiveCfg = Release|Any CPU
		{ABD0349D-53C1-4E68-86E3-63D8EE6ED348}.Release|Any CPU.Build.0 = Release|Any CPU
		{2CC9DACF-6F0C-40B2-A7DD-DC1FA531E582}.Debug|Any CPU.ActiveCfg = Debug|Any CPU
		{2CC9DACF-6F0C-40B2-A7DD-DC1FA531E582}.Debug|Any CPU.Build.0 = Debug|Any CPU
		{2CC9DACF-6F0C-40B2-A7DD-DC1FA531E582}.Release|Any CPU.ActiveCfg = Release|Any CPU
		{2CC9DACF-6F0C-40B2-A7DD-DC1FA531E582}.Release|Any CPU.Build.0 = Release|Any CPU
		{BA870BE9-B79F-448D-A539-E32F13A8DBDF}.Debug|Any CPU.ActiveCfg = Debug|Any CPU
		{BA870BE9-B79F-448D-A539-E32F13A8DBDF}.Debug|Any CPU.Build.0 = Debug|Any CPU
		{BA870BE9-B79F-448D-A539-E32F13A8DBDF}.Release|Any CPU.ActiveCfg = Release|Any CPU
		{BA870BE9-B79F-448D-A539-E32F13A8DBDF}.Release|Any CPU.Build.0 = Release|Any CPU
		{824F8B86-2CB1-4ECE-8512-AC7A8A027232}.Debug|Any CPU.ActiveCfg = Debug|Any CPU
		{824F8B86-2CB1-4ECE-8512-AC7A8A027232}.Debug|Any CPU.Build.0 = Debug|Any CPU
		{824F8B86-2CB1-4ECE-8512-AC7A8A027232}.Release|Any CPU.ActiveCfg = Release|Any CPU
		{824F8B86-2CB1-4ECE-8512-AC7A8A027232}.Release|Any CPU.Build.0 = Release|Any CPU
		{44CF4E41-9DEE-42C1-8DC0-C149FC1C7F1C}.Debug|Any CPU.ActiveCfg = Debug
		{44CF4E41-9DEE-42C1-8DC0-C149FC1C7F1C}.Release|Any CPU.ActiveCfg = Release
	EndGlobalSection
	GlobalSection(SolutionProperties) = preSolution
		HideSolutionNode = FALSE
	EndGlobalSection
	GlobalSection(ExtensibilityGlobals) = postSolution
		SolutionGuid = {2D36B2E5-DCF3-4E76-A61F-3A7EACE75A91}
	EndGlobalSection
EndGlobal
