
Microsoft Visual Studio Solution File, Format Version 12.00
# Visual Studio Version 16
VisualStudioVersion = 16.0.31205.134
MinimumVisualStudioVersion = 10.0.40219.1
Project("{FAE04EC0-301F-11D3-BF4B-00C04F79EFBC}") = "GPSys_Desk_APP", "GPSys_Desk_APP\GPSys_Desk_APP.csproj", "{ABD0349D-53C1-4E68-86E3-63D8EE6ED348}"
EndProject
Global
	GlobalSection(SolutionConfigurationPlatforms) = preSolution
		Debug|Any CPU = Debug|Any CPU
		Release|Any CPU = Release|Any CPU
	EndGlobalSection
	GlobalSection(ProjectConfigurationPlatforms) = postSolution
		{ABD0349D-53C1-4E68-86E3-63D8EE6ED348}.Debug|Any CPU.ActiveCfg = Debug|Any CPU
		{ABD0349D-53C1-4E68-86E3-63D8EE6ED348}.Debug|Any CPU.Build.0 = Debug|Any CPU
		{ABD0349D-53C1-4E68-86E3-63D8EE6ED348}.Release|Any CPU.ActiveCfg = Release|Any CPU
		{ABD0349D-53C1-4E68-86E3-63D8EE6ED348}.Release|Any CPU.Build.0 = Release|Any CPU
	EndGlobalSection
	GlobalSection(SolutionProperties) = preSolution
		HideSolutionNode = FALSE
	EndGlobalSection
	GlobalSection(ExtensibilityGlobals) = postSolution
		SolutionGuid = {2D36B2E5-DCF3-4E76-A61F-3A7EACE75A91}
	EndGlobalSection
EndGlobal
